
Microsoft Visual Studio Solution File, Format Version 12.00
# Visual Studio Version 17
VisualStudioVersion = 17.0.31903.59
MinimumVisualStudioVersion = 10.0.40219.1
Project("{2150E333-8FDC-42A3-9474-1A3956D46DE8}") = "src", "src", "{015319A7-F85B-48FE-B8A9-47BA79EB2EFD}"
EndProject
Project("{FAE04EC0-301F-11D3-BF4B-00C04F79EFBC}") = "GroundZero.Domain", "src\GroundZero.Domain\GroundZero.Domain.csproj", "{26558096-89C1-4CD1-83D8-D0367949E2DC}"
EndProject
Project("{FAE04EC0-301F-11D3-BF4B-00C04F79EFBC}") = "GroundZero.Application", "src\GroundZero.Application\GroundZero.Application.csproj", "{58E42600-2D27-4CC2-8921-0E35DA54265D}"
EndProject
Project("{FAE04EC0-301F-11D3-BF4B-00C04F79EFBC}") = "GroundZero.Infrastructure", "src\GroundZero.Infrastructure\GroundZero.Infrastructure.csproj", "{1170F0DF-0475-4C61-BB18-9D8B79C8CE05}"
EndProject
Project("{FAE04EC0-301F-11D3-BF4B-00C04F79EFBC}") = "GroundZero.API", "src\GroundZero.API\GroundZero.API.csproj", "{2312E6FB-827F-4326-9C42-871B2E535B4B}"
EndProject
Project("{2150E333-8FDC-42A3-9474-1A3956D46DE8}") = "tests", "tests", "{66023B16-AB16-4DD4-99CE-C92F4D23BFD5}"
EndProject
Project("{FAE04EC0-301F-11D3-BF4B-00C04F79EFBC}") = "GroundZero.Application.Tests", "tests\GroundZero.Application.Tests\GroundZero.Application.Tests.csproj", "{39B12B36-1BEE-4F35-99F8-20A81AEEFC75}"
EndProject
Project("{FAE04EC0-301F-11D3-BF4B-00C04F79EFBC}") = "GroundZero.API.Tests", "tests\GroundZero.API.Tests\GroundZero.API.Tests.csproj", "{28627264-E1C9-41AD-BEE7-B6294C8F8C16}"
EndProject
Global
	GlobalSection(SolutionConfigurationPlatforms) = preSolution
		Debug|Any CPU = Debug|Any CPU
		Release|Any CPU = Release|Any CPU
	EndGlobalSection
	GlobalSection(SolutionProperties) = preSolution
		HideSolutionNode = FALSE
	EndGlobalSection
	GlobalSection(ProjectConfigurationPlatforms) = postSolution
		{26558096-89C1-4CD1-83D8-D0367949E2DC}.Debug|Any CPU.ActiveCfg = Debug|Any CPU
		{26558096-89C1-4CD1-83D8-D0367949E2DC}.Debug|Any CPU.Build.0 = Debug|Any CPU
		{26558096-89C1-4CD1-83D8-D0367949E2DC}.Release|Any CPU.ActiveCfg = Release|Any CPU
		{26558096-89C1-4CD1-83D8-D0367949E2DC}.Release|Any CPU.Build.0 = Release|Any CPU
		{58E42600-2D27-4CC2-8921-0E35DA54265D}.Debug|Any CPU.ActiveCfg = Debug|Any CPU
		{58E42600-2D27-4CC2-8921-0E35DA54265D}.Debug|Any CPU.Build.0 = Debug|Any CPU
		{58E42600-2D27-4CC2-8921-0E35DA54265D}.Release|Any CPU.ActiveCfg = Release|Any CPU
		{58E42600-2D27-4CC2-8921-0E35DA54265D}.Release|Any CPU.Build.0 = Release|Any CPU
		{1170F0DF-0475-4C61-BB18-9D8B79C8CE05}.Debug|Any CPU.ActiveCfg = Debug|Any CPU
		{1170F0DF-0475-4C61-BB18-9D8B79C8CE05}.Debug|Any CPU.Build.0 = Debug|Any CPU
		{1170F0DF-0475-4C61-BB18-9D8B79C8CE05}.Release|Any CPU.ActiveCfg = Release|Any CPU
		{1170F0DF-0475-4C61-BB18-9D8B79C8CE05}.Release|Any CPU.Build.0 = Release|Any CPU
		{2312E6FB-827F-4326-9C42-871B2E535B4B}.Debug|Any CPU.ActiveCfg = Debug|Any CPU
		{2312E6FB-827F-4326-9C42-871B2E535B4B}.Debug|Any CPU.Build.0 = Debug|Any CPU
		{2312E6FB-827F-4326-9C42-871B2E535B4B}.Release|Any CPU.ActiveCfg = Release|Any CPU
		{2312E6FB-827F-4326-9C42-871B2E535B4B}.Release|Any CPU.Build.0 = Release|Any CPU
		{39B12B36-1BEE-4F35-99F8-20A81AEEFC75}.Debug|Any CPU.ActiveCfg = Debug|Any CPU
		{39B12B36-1BEE-4F35-99F8-20A81AEEFC75}.Debug|Any CPU.Build.0 = Debug|Any CPU
		{39B12B36-1BEE-4F35-99F8-20A81AEEFC75}.Release|Any CPU.ActiveCfg = Release|Any CPU
		{39B12B36-1BEE-4F35-99F8-20A81AEEFC75}.Release|Any CPU.Build.0 = Release|Any CPU
		{28627264-E1C9-41AD-BEE7-B6294C8F8C16}.Debug|Any CPU.ActiveCfg = Debug|Any CPU
		{28627264-E1C9-41AD-BEE7-B6294C8F8C16}.Debug|Any CPU.Build.0 = Debug|Any CPU
		{28627264-E1C9-41AD-BEE7-B6294C8F8C16}.Release|Any CPU.ActiveCfg = Release|Any CPU
		{28627264-E1C9-41AD-BEE7-B6294C8F8C16}.Release|Any CPU.Build.0 = Release|Any CPU
	EndGlobalSection
	GlobalSection(NestedProjects) = preSolution
		{26558096-89C1-4CD1-83D8-D0367949E2DC} = {015319A7-F85B-48FE-B8A9-47BA79EB2EFD}
		{58E42600-2D27-4CC2-8921-0E35DA54265D} = {015319A7-F85B-48FE-B8A9-47BA79EB2EFD}
		{1170F0DF-0475-4C61-BB18-9D8B79C8CE05} = {015319A7-F85B-48FE-B8A9-47BA79EB2EFD}
		{2312E6FB-827F-4326-9C42-871B2E535B4B} = {015319A7-F85B-48FE-B8A9-47BA79EB2EFD}
		{39B12B36-1BEE-4F35-99F8-20A81AEEFC75} = {66023B16-AB16-4DD4-99CE-C92F4D23BFD5}
		{28627264-E1C9-41AD-BEE7-B6294C8F8C16} = {66023B16-AB16-4DD4-99CE-C92F4D23BFD5}
	EndGlobalSection
EndGlobal
